
Microsoft Visual Studio Solution File, Format Version 12.00
# Visual Studio Version 16
VisualStudioVersion = 16.0.33927.289
MinimumVisualStudioVersion = 10.0.40219.1
Project("{FAE04EC0-301F-11D3-BF4B-00C04F79EFBC}") = "Enabler-ops", "Enabler-ops\Enabler-ops.csproj", "{B1F61903-A4D6-44D0-B4A3-8911C8935CE5}"
EndProject
Global
	GlobalSection(SolutionConfigurationPlatforms) = preSolution
		Debug|Any CPU = Debug|Any CPU
		Debug|x64 = Debug|x64
		Release|Any CPU = Release|Any CPU
		Release|x64 = Release|x64
	EndGlobalSection
	GlobalSection(ProjectConfigurationPlatforms) = postSolution
		{B1F61903-A4D6-44D0-B4A3-8911C8935CE5}.Debug|Any CPU.ActiveCfg = Debug|Any CPU
		{B1F61903-A4D6-44D0-B4A3-8911C8935CE5}.Debug|Any CPU.Build.0 = Debug|Any CPU
		{B1F61903-A4D6-44D0-B4A3-8911C8935CE5}.Debug|x64.ActiveCfg = Debug|x64
		{B1F61903-A4D6-44D0-B4A3-8911C8935CE5}.Debug|x64.Build.0 = Debug|x64
		{B1F61903-A4D6-44D0-B4A3-8911C8935CE5}.Release|Any CPU.ActiveCfg = Release|Any CPU
		{B1F61903-A4D6-44D0-B4A3-8911C8935CE5}.Release|Any CPU.Build.0 = Release|Any CPU
		{B1F61903-A4D6-44D0-B4A3-8911C8935CE5}.Release|x64.ActiveCfg = Release|x64
		{B1F61903-A4D6-44D0-B4A3-8911C8935CE5}.Release|x64.Build.0 = Release|x64
	EndGlobalSection
	GlobalSection(SolutionProperties) = preSolution
		HideSolutionNode = FALSE
	EndGlobalSection
	GlobalSection(ExtensibilityGlobals) = postSolution
		SolutionGuid = {D4B4E4F0-CF85-4A7B-BF1B-E3C4B1ED6E41}
	EndGlobalSection
EndGlobal
